Microsoft Visual Studio Solution File, Format Version 12.00
# Visual Studio Version 17
VisualStudioVersion = 17.9.34310.174
MinimumVisualStudioVersion = 10.0.40219.1
Project("{9A19103F-16F7-4668-BE54-9A1E7A4F7556}") = "AspireApp1.AppHost", "AspireApp1.AppHost\AspireApp1.AppHost.csproj", "{CBB11A7E-A386-4572-8237-49C58089669F}"
EndProject
Project("{9A19103F-16F7-4668-BE54-9A1E7A4F7556}") = "AspireApp1.ServiceDefaults", "AspireApp1.ServiceDefaults\AspireApp1.ServiceDefaults.csproj", "{DD0E6EB9-CED6-469B-84EE-AE199AD93567}"
EndProject
Project("{9A19103F-16F7-4668-BE54-9A1E7A4F7556}") = "AspireApp1.ApiService", "AspireApp1.ApiService\AspireApp1.ApiService.csproj", "{549D4054-80B2-4CF1-8832-A13796441727}"
EndProject
Project("{9A19103F-16F7-4668-BE54-9A1E7A4F7556}") = "AspireApp1.Web", "AspireApp1.Web\AspireApp1.Web.csproj", "{324DF263-0B0F-478B-AFBC-B98AA564D4D7}"
EndProject
Global
	GlobalSection(SolutionConfigurationPlatforms) = preSolution
		Debug|Any CPU = Debug|Any CPU
		Release|Any CPU = Release|Any CPU
	EndGlobalSection
	GlobalSection(ProjectConfigurationPlatforms) = postSolution
		{CBB11A7E-A386-4572-8237-49C58089669F}.Debug|Any CPU.ActiveCfg = Debug|Any CPU
		{CBB11A7E-A386-4572-8237-49C58089669F}.Debug|Any CPU.Build.0 = Debug|Any CPU
		{CBB11A7E-A386-4572-8237-49C58089669F}.Release|Any CPU.ActiveCfg = Release|Any CPU
		{CBB11A7E-A386-4572-8237-49C58089669F}.Release|Any CPU.Build.0 = Release|Any CPU
		{DD0E6EB9-CED6-469B-84EE-AE199AD93567}.Debug|Any CPU.ActiveCfg = Debug|Any CPU
		{DD0E6EB9-CED6-469B-84EE-AE199AD93567}.Debug|Any CPU.Build.0 = Debug|Any CPU
		{DD0E6EB9-CED6-469B-84EE-AE199AD93567}.Release|Any CPU.ActiveCfg = Release|Any CPU
		{DD0E6EB9-CED6-469B-84EE-AE199AD93567}.Release|Any CPU.Build.0 = Release|Any CPU
		{549D4054-80B2-4CF1-8832-A13796441727}.Debug|Any CPU.ActiveCfg = Debug|Any CPU
		{549D4054-80B2-4CF1-8832-A13796441727}.Debug|Any CPU.Build.0 = Debug|Any CPU
		{549D4054-80B2-4CF1-8832-A13796441727}.Release|Any CPU.ActiveCfg = Release|Any CPU
		{549D4054-80B2-4CF1-8832-A13796441727}.Release|Any CPU.Build.0 = Release|Any CPU
		{324DF263-0B0F-478B-AFBC-B98AA564D4D7}.Debug|Any CPU.ActiveCfg = Debug|Any CPU
		{324DF263-0B0F-478B-AFBC-B98AA564D4D7}.Debug|Any CPU.Build.0 = Debug|Any CPU
		{324DF263-0B0F-478B-AFBC-B98AA564D4D7}.Release|Any CPU.ActiveCfg = Release|Any CPU
		{324DF263-0B0F-478B-AFBC-B98AA564D4D7}.Release|Any CPU.Build.0 = Release|Any CPU
	EndGlobalSection
	GlobalSection(SolutionProperties) = preSolution
		HideSolutionNode = FALSE
	EndGlobalSection
	GlobalSection(ExtensibilityGlobals) = postSolution
		SolutionGuid = {A0E37396-3B06-47C4-BF1B-2212A8683AFB}
	EndGlobalSection
EndGlobal
